
Microsoft Visual Studio Solution File, Format Version 12.00
# Visual Studio Version 16
VisualStudioVersion = 16.0.30804.86
MinimumVisualStudioVersion = 10.0.40219.1
Project("{FAE04EC0-301F-11D3-BF4B-00C04F79EFBC}") = "AjaxHomework.Web", "AjaxHomework.Web\AjaxHomework.Web.csproj", "{A7F04A44-E985-4E4C-8023-93E35322E226}"
EndProject
Project("{FAE04EC0-301F-11D3-BF4B-00C04F79EFBC}") = "AjaxHomework.Data", "AjaxHomework.Data\AjaxHomework.Data.csproj", "{773D533B-9700-4362-A043-4EAC4C42C477}"
EndProject
Global
	GlobalSection(SolutionConfigurationPlatforms) = preSolution
		Debug|Any CPU = Debug|Any CPU
		Release|Any CPU = Release|Any CPU
	EndGlobalSection
	GlobalSection(ProjectConfigurationPlatforms) = postSolution
		{A7F04A44-E985-4E4C-8023-93E35322E226}.Debug|Any CPU.ActiveCfg = Debug|Any CPU
		{A7F04A44-E985-4E4C-8023-93E35322E226}.Debug|Any CPU.Build.0 = Debug|Any CPU
		{A7F04A44-E985-4E4C-8023-93E35322E226}.Release|Any CPU.ActiveCfg = Release|Any CPU
		{A7F04A44-E985-4E4C-8023-93E35322E226}.Release|Any CPU.Build.0 = Release|Any CPU
		{773D533B-9700-4362-A043-4EAC4C42C477}.Debug|Any CPU.ActiveCfg = Debug|Any CPU
		{773D533B-9700-4362-A043-4EAC4C42C477}.Debug|Any CPU.Build.0 = Debug|Any CPU
		{773D533B-9700-4362-A043-4EAC4C42C477}.Release|Any CPU.ActiveCfg = Release|Any CPU
		{773D533B-9700-4362-A043-4EAC4C42C477}.Release|Any CPU.Build.0 = Release|Any CPU
	EndGlobalSection
	GlobalSection(SolutionProperties) = preSolution
		HideSolutionNode = FALSE
	EndGlobalSection
	GlobalSection(ExtensibilityGlobals) = postSolution
		SolutionGuid = {24D33C45-D3CD-46BB-A328-6A214A1DA832}
	EndGlobalSection
EndGlobal
